
Microsoft Visual Studio Solution File, Format Version 12.00
# Visual Studio Version 16
VisualStudioVersion = 16.0.32413.119
MinimumVisualStudioVersion = 10.0.40219.1
Project("{FAE04EC0-301F-11D3-BF4B-00C04F79EFBC}") = "WorldCupBoard", "WorldCupBoard\WorldCupBoard.csproj", "{0AFE1831-ED8A-4B6B-A7DD-013D8A9AB7EF}"
EndProject
Project("{FAE04EC0-301F-11D3-BF4B-00C04F79EFBC}") = "WorldCupLib", "WorldCupLib\WorldCupLib.csproj", "{2FFD90C4-D799-45C2-AF67-4000836FB715}"
EndProject
Project("{FAE04EC0-301F-11D3-BF4B-00C04F79EFBC}") = "WorldCupLibTesting", "WorldCupLibTesting\WorldCupLibTesting.csproj", "{8D3A7799-C0AA-47F8-9A20-716A4DE12825}"
EndProject
Global
	GlobalSection(SolutionConfigurationPlatforms) = preSolution
		Debug|Any CPU = Debug|Any CPU
		Release|Any CPU = Release|Any CPU
	EndGlobalSection
	GlobalSection(ProjectConfigurationPlatforms) = postSolution
		{0AFE1831-ED8A-4B6B-A7DD-013D8A9AB7EF}.Debug|Any CPU.ActiveCfg = Debug|Any CPU
		{0AFE1831-ED8A-4B6B-A7DD-013D8A9AB7EF}.Debug|Any CPU.Build.0 = Debug|Any CPU
		{0AFE1831-ED8A-4B6B-A7DD-013D8A9AB7EF}.Release|Any CPU.ActiveCfg = Release|Any CPU
		{0AFE1831-ED8A-4B6B-A7DD-013D8A9AB7EF}.Release|Any CPU.Build.0 = Release|Any CPU
		{2FFD90C4-D799-45C2-AF67-4000836FB715}.Debug|Any CPU.ActiveCfg = Debug|Any CPU
		{2FFD90C4-D799-45C2-AF67-4000836FB715}.Debug|Any CPU.Build.0 = Debug|Any CPU
		{2FFD90C4-D799-45C2-AF67-4000836FB715}.Release|Any CPU.ActiveCfg = Release|Any CPU
		{2FFD90C4-D799-45C2-AF67-4000836FB715}.Release|Any CPU.Build.0 = Release|Any CPU
		{8D3A7799-C0AA-47F8-9A20-716A4DE12825}.Debug|Any CPU.ActiveCfg = Debug|Any CPU
		{8D3A7799-C0AA-47F8-9A20-716A4DE12825}.Debug|Any CPU.Build.0 = Debug|Any CPU
		{8D3A7799-C0AA-47F8-9A20-716A4DE12825}.Release|Any CPU.ActiveCfg = Release|Any CPU
		{8D3A7799-C0AA-47F8-9A20-716A4DE12825}.Release|Any CPU.Build.0 = Release|Any CPU
	EndGlobalSection
	GlobalSection(SolutionProperties) = preSolution
		HideSolutionNode = FALSE
	EndGlobalSection
	GlobalSection(ExtensibilityGlobals) = postSolution
		SolutionGuid = {FF4AC203-76D6-464C-816F-890D83CB709D}
	EndGlobalSection
EndGlobal
